
Microsoft Visual Studio Solution File, Format Version 12.00
# Visual Studio Version 16
VisualStudioVersion = 16.0.30611.23
MinimumVisualStudioVersion = 10.0.40219.1
Project("{FAE04EC0-301F-11D3-BF4B-00C04F79EFBC}") = "List2", "List2\List2.csproj", "{D991C487-2FE1-42B3-BBC4-1FEAB7FBADB9}"
EndProject
Global
	GlobalSection(SolutionConfigurationPlatforms) = preSolution
		Debug|Any CPU = Debug|Any CPU
		Release|Any CPU = Release|Any CPU
	EndGlobalSection
	GlobalSection(ProjectConfigurationPlatforms) = postSolution
		{D991C487-2FE1-42B3-BBC4-1FEAB7FBADB9}.Debug|Any CPU.ActiveCfg = Debug|Any CPU
		{D991C487-2FE1-42B3-BBC4-1FEAB7FBADB9}.Debug|Any CPU.Build.0 = Debug|Any CPU
		{D991C487-2FE1-42B3-BBC4-1FEAB7FBADB9}.Release|Any CPU.ActiveCfg = Release|Any CPU
		{D991C487-2FE1-42B3-BBC4-1FEAB7FBADB9}.Release|Any CPU.Build.0 = Release|Any CPU
	EndGlobalSection
	GlobalSection(SolutionProperties) = preSolution
		HideSolutionNode = FALSE
	EndGlobalSection
	GlobalSection(ExtensibilityGlobals) = postSolution
		SolutionGuid = {6B2CE919-EEEA-4653-BB73-1F94B8E24591}
	EndGlobalSection
EndGlobal
